
Microsoft Visual Studio Solution File, Format Version 12.00
# Visual Studio Version 17
VisualStudioVersion = 17.0.31903.59
MinimumVisualStudioVersion = 10.0.40219.1
Project("{2150E333-8FDC-42A3-9474-1A3956D46DE8}") = "src", "src", "{827E0CD3-B72D-47B6-A68D-7590B98EB39B}"
EndProject
Project("{FAE04EC0-301F-11D3-BF4B-00C04F79EFBC}") = "Level5.Domain", "src\Level5.Domain\Level5.Domain.csproj", "{14D4EBD3-4A55-4462-B33B-F6683339B5BE}"
EndProject
Project("{FAE04EC0-301F-11D3-BF4B-00C04F79EFBC}") = "Level5.Application", "src\Level5.Application\Level5.Application.csproj", "{2E6F9377-E8B7-4294-B7B8-87221A04B3D6}"
EndProject
Project("{FAE04EC0-301F-11D3-BF4B-00C04F79EFBC}") = "Level5.Infrastructure", "src\Level5.Infrastructure\Level5.Infrastructure.csproj", "{93D047C8-6B27-432C-9985-D7127DD3B675}"
EndProject
Project("{FAE04EC0-301F-11D3-BF4B-00C04F79EFBC}") = "Level5.Api", "src\Level5.Api\Level5.Api.csproj", "{F589DB03-6A73-4BF9-882F-3594B1148893}"
EndProject
Project("{2150E333-8FDC-42A3-9474-1A3956D46DE8}") = "tests", "tests", "{0AB3BF05-4346-4AA6-1389-037BE0695223}"
EndProject
Project("{FAE04EC0-301F-11D3-BF4B-00C04F79EFBC}") = "Level5.Domain.Tests", "tests\Level5.Domain.Tests\Level5.Domain.Tests.csproj", "{825C1ECC-093E-40C4-AED4-8FA9130F4528}"
EndProject
Project("{FAE04EC0-301F-11D3-BF4B-00C04F79EFBC}") = "Level5.Application.Tests", "tests\Level5.Application.Tests\Level5.Application.Tests.csproj", "{1AB10101-B0F1-440F-9A0F-7F16F8426D49}"
EndProject
Project("{FAE04EC0-301F-11D3-BF4B-00C04F79EFBC}") = "Level5.Infrastructure.IntegrationTests", "tests\Level5.Infrastructure.IntegrationTests\Level5.Infrastructure.IntegrationTests.csproj", "{5920EF12-7AA7-4CCF-AF1A-DF9335EB3166}"
EndProject
Project("{FAE04EC0-301F-11D3-BF4B-00C04F79EFBC}") = "Level5.Api.IntegrationTests", "tests\Level5.Api.IntegrationTests\Level5.Api.IntegrationTests.csproj", "{5611B453-4A9B-4B80-B15B-958E8186F242}"
EndProject
Project("{FAE04EC0-301F-11D3-BF4B-00C04F79EFBC}") = "Level5.Architecture.Tests", "tests\Level5.Architecture.Tests\Level5.Architecture.Tests.csproj", "{87D63830-C780-4768-87BB-B85FCAB3F793}"
EndProject
Project("{FAE04EC0-301F-11D3-BF4B-00C04F79EFBC}") = "Level5.LegacyAccountMigration.IntegrationTests", "tests\Level5.LegacyAccountMigration.IntegrationTests\Level5.LegacyAccountMigration.IntegrationTests.csproj", "{665769D7-843F-4D4A-962C-BAE3D0FC767E}"
EndProject
Project("{2150E333-8FDC-42A3-9474-1A3956D46DE8}") = "tools", "tools", "{07C2787E-EAC7-C090-1BA3-A61EC2A24D84}"
EndProject
Project("{FAE04EC0-301F-11D3-BF4B-00C04F79EFBC}") = "Level5.Api.OpenApiExport", "tools\Level5.Api.OpenApiExport\Level5.Api.OpenApiExport.csproj", "{DCF09475-3180-4B6D-89E7-728EE2E22F49}"
EndProject
Project("{FAE04EC0-301F-11D3-BF4B-00C04F79EFBC}") = "Level5.E2E.Fixtures", "tools\Level5.E2E.Fixtures\Level5.E2E.Fixtures.csproj", "{A8FCCF04-C0EE-4550-972D-DDAB8971291D}"
EndProject
Project("{FAE04EC0-301F-11D3-BF4B-00C04F79EFBC}") = "Level5.LegacyAccountMigration", "tools\Level5.LegacyAccountMigration\Level5.LegacyAccountMigration.csproj", "{DBC618B1-E60D-42D3-A564-731839CA575A}"
EndProject
Project("{FAE04EC0-301F-11D3-BF4B-00C04F79EFBC}") = "Level5.LegacyScoreMigration", "tools\Level5.LegacyScoreMigration\Level5.LegacyScoreMigration.csproj", "{143ACDCD-79AF-4A42-B613-A1342F76B94D}"
EndProject
Project("{FAE04EC0-301F-11D3-BF4B-00C04F79EFBC}") = "Level5.LegacyScoreMigration.IntegrationTests", "tests\Level5.LegacyScoreMigration.IntegrationTests\Level5.LegacyScoreMigration.IntegrationTests.csproj", "{A58D7D6D-FC72-4D4A-A9CF-C9BA6A656222}"
EndProject
Global
	GlobalSection(SolutionConfigurationPlatforms) = preSolution
		Debug|Any CPU = Debug|Any CPU
		Debug|x64 = Debug|x64
		Debug|x86 = Debug|x86
		Release|Any CPU = Release|Any CPU
		Release|x64 = Release|x64
		Release|x86 = Release|x86
	EndGlobalSection
	GlobalSection(ProjectConfigurationPlatforms) = postSolution
		{14D4EBD3-4A55-4462-B33B-F6683339B5BE}.Debug|Any CPU.ActiveCfg = Debug|Any CPU
		{14D4EBD3-4A55-4462-B33B-F6683339B5BE}.Debug|Any CPU.Build.0 = Debug|Any CPU
		{14D4EBD3-4A55-4462-B33B-F6683339B5BE}.Debug|x64.ActiveCfg = Debug|Any CPU
		{14D4EBD3-4A55-4462-B33B-F6683339B5BE}.Debug|x64.Build.0 = Debug|Any CPU
		{14D4EBD3-4A55-4462-B33B-F6683339B5BE}.Debug|x86.ActiveCfg = Debug|Any CPU
		{14D4EBD3-4A55-4462-B33B-F6683339B5BE}.Debug|x86.Build.0 = Debug|Any CPU
		{14D4EBD3-4A55-4462-B33B-F6683339B5BE}.Release|Any CPU.ActiveCfg = Release|Any CPU
		{14D4EBD3-4A55-4462-B33B-F6683339B5BE}.Release|Any CPU.Build.0 = Release|Any CPU
		{14D4EBD3-4A55-4462-B33B-F6683339B5BE}.Release|x64.ActiveCfg = Release|Any CPU
		{14D4EBD3-4A55-4462-B33B-F6683339B5BE}.Release|x64.Build.0 = Release|Any CPU
		{14D4EBD3-4A55-4462-B33B-F6683339B5BE}.Release|x86.ActiveCfg = Release|Any CPU
		{14D4EBD3-4A55-4462-B33B-F6683339B5BE}.Release|x86.Build.0 = Release|Any CPU
		{2E6F9377-E8B7-4294-B7B8-87221A04B3D6}.Debug|Any CPU.ActiveCfg = Debug|Any CPU
		{2E6F9377-E8B7-4294-B7B8-87221A04B3D6}.Debug|Any CPU.Build.0 = Debug|Any CPU
		{2E6F9377-E8B7-4294-B7B8-87221A04B3D6}.Debug|x64.ActiveCfg = Debug|Any CPU
		{2E6F9377-E8B7-4294-B7B8-87221A04B3D6}.Debug|x64.Build.0 = Debug|Any CPU
		{2E6F9377-E8B7-4294-B7B8-87221A04B3D6}.Debug|x86.ActiveCfg = Debug|Any CPU
		{2E6F9377-E8B7-4294-B7B8-87221A04B3D6}.Debug|x86.Build.0 = Debug|Any CPU
		{2E6F9377-E8B7-4294-B7B8-87221A04B3D6}.Release|Any CPU.ActiveCfg = Release|Any CPU
		{2E6F9377-E8B7-4294-B7B8-87221A04B3D6}.Release|Any CPU.Build.0 = Release|Any CPU
		{2E6F9377-E8B7-4294-B7B8-87221A04B3D6}.Release|x64.ActiveCfg = Release|Any CPU
		{2E6F9377-E8B7-4294-B7B8-87221A04B3D6}.Release|x64.Build.0 = Release|Any CPU
		{2E6F9377-E8B7-4294-B7B8-87221A04B3D6}.Release|x86.ActiveCfg = Release|Any CPU
		{2E6F9377-E8B7-4294-B7B8-87221A04B3D6}.Release|x86.Build.0 = Release|Any CPU
		{93D047C8-6B27-432C-9985-D7127DD3B675}.Debug|Any CPU.ActiveCfg = Debug|Any CPU
		{93D047C8-6B27-432C-9985-D7127DD3B675}.Debug|Any CPU.Build.0 = Debug|Any CPU
		{93D047C8-6B27-432C-9985-D7127DD3B675}.Debug|x64.ActiveCfg = Debug|Any CPU
		{93D047C8-6B27-432C-9985-D7127DD3B675}.Debug|x64.Build.0 = Debug|Any CPU
		{93D047C8-6B27-432C-9985-D7127DD3B675}.Debug|x86.ActiveCfg = Debug|Any CPU
		{93D047C8-6B27-432C-9985-D7127DD3B675}.Debug|x86.Build.0 = Debug|Any CPU
		{93D047C8-6B27-432C-9985-D7127DD3B675}.Release|Any CPU.ActiveCfg = Release|Any CPU
		{93D047C8-6B27-432C-9985-D7127DD3B675}.Release|Any CPU.Build.0 = Release|Any CPU
		{93D047C8-6B27-432C-9985-D7127DD3B675}.Release|x64.ActiveCfg = Release|Any CPU
		{93D047C8-6B27-432C-9985-D7127DD3B675}.Release|x64.Build.0 = Release|Any CPU
		{93D047C8-6B27-432C-9985-D7127DD3B675}.Release|x86.ActiveCfg = Release|Any CPU
		{93D047C8-6B27-432C-9985-D7127DD3B675}.Release|x86.Build.0 = Release|Any CPU
		{F589DB03-6A73-4BF9-882F-3594B1148893}.Debug|Any CPU.ActiveCfg = Debug|Any CPU
		{F589DB03-6A73-4BF9-882F-3594B1148893}.Debug|Any CPU.Build.0 = Debug|Any CPU
		{F589DB03-6A73-4BF9-882F-3594B1148893}.Debug|x64.ActiveCfg = Debug|Any CPU
		{F589DB03-6A73-4BF9-882F-3594B1148893}.Debug|x64.Build.0 = Debug|Any CPU
		{F589DB03-6A73-4BF9-882F-3594B1148893}.Debug|x86.ActiveCfg = Debug|Any CPU
		{F589DB03-6A73-4BF9-882F-3594B1148893}.Debug|x86.Build.0 = Debug|Any CPU
		{F589DB03-6A73-4BF9-882F-3594B1148893}.Release|Any CPU.ActiveCfg = Release|Any CPU
		{F589DB03-6A73-4BF9-882F-3594B1148893}.Release|Any CPU.Build.0 = Release|Any CPU
		{F589DB03-6A73-4BF9-882F-3594B1148893}.Release|x64.ActiveCfg = Release|Any CPU
		{F589DB03-6A73-4BF9-882F-3594B1148893}.Release|x64.Build.0 = Release|Any CPU
		{F589DB03-6A73-4BF9-882F-3594B1148893}.Release|x86.ActiveCfg = Release|Any CPU
		{F589DB03-6A73-4BF9-882F-3594B1148893}.Release|x86.Build.0 = Release|Any CPU
		{825C1ECC-093E-40C4-AED4-8FA9130F4528}.Debug|Any CPU.ActiveCfg = Debug|Any CPU
		{825C1ECC-093E-40C4-AED4-8FA9130F4528}.Debug|Any CPU.Build.0 = Debug|Any CPU
		{825C1ECC-093E-40C4-AED4-8FA9130F4528}.Debug|x64.ActiveCfg = Debug|Any CPU
		{825C1ECC-093E-40C4-AED4-8FA9130F4528}.Debug|x64.Build.0 = Debug|Any CPU
		{825C1ECC-093E-40C4-AED4-8FA9130F4528}.Debug|x86.ActiveCfg = Debug|Any CPU
		{825C1ECC-093E-40C4-AED4-8FA9130F4528}.Debug|x86.Build.0 = Debug|Any CPU
		{825C1ECC-093E-40C4-AED4-8FA9130F4528}.Release|Any CPU.ActiveCfg = Release|Any CPU
		{825C1ECC-093E-40C4-AED4-8FA9130F4528}.Release|Any CPU.Build.0 = Release|Any CPU
		{825C1ECC-093E-40C4-AED4-8FA9130F4528}.Release|x64.ActiveCfg = Release|Any CPU
		{825C1ECC-093E-40C4-AED4-8FA9130F4528}.Release|x64.Build.0 = Release|Any CPU
		{825C1ECC-093E-40C4-AED4-8FA9130F4528}.Release|x86.ActiveCfg = Release|Any CPU
		{825C1ECC-093E-40C4-AED4-8FA9130F4528}.Release|x86.Build.0 = Release|Any CPU
		{1AB10101-B0F1-440F-9A0F-7F16F8426D49}.Debug|Any CPU.ActiveCfg = Debug|Any CPU
		{1AB10101-B0F1-440F-9A0F-7F16F8426D49}.Debug|Any CPU.Build.0 = Debug|Any CPU
		{1AB10101-B0F1-440F-9A0F-7F16F8426D49}.Debug|x64.ActiveCfg = Debug|Any CPU
		{1AB10101-B0F1-440F-9A0F-7F16F8426D49}.Debug|x64.Build.0 = Debug|Any CPU
		{1AB10101-B0F1-440F-9A0F-7F16F8426D49}.Debug|x86.ActiveCfg = Debug|Any CPU
		{1AB10101-B0F1-440F-9A0F-7F16F8426D49}.Debug|x86.Build.0 = Debug|Any CPU
		{1AB10101-B0F1-440F-9A0F-7F16F8426D49}.Release|Any CPU.ActiveCfg = Release|Any CPU
		{1AB10101-B0F1-440F-9A0F-7F16F8426D49}.Release|Any CPU.Build.0 = Release|Any CPU
		{1AB10101-B0F1-440F-9A0F-7F16F8426D49}.Release|x64.ActiveCfg = Release|Any CPU
		{1AB10101-B0F1-440F-9A0F-7F16F8426D49}.Release|x64.Build.0 = Release|Any CPU
		{1AB10101-B0F1-440F-9A0F-7F16F8426D49}.Release|x86.ActiveCfg = Release|Any CPU
		{1AB10101-B0F1-440F-9A0F-7F16F8426D49}.Release|x86.Build.0 = Release|Any CPU
		{5920EF12-7AA7-4CCF-AF1A-DF9335EB3166}.Debug|Any CPU.ActiveCfg = Debug|Any CPU
		{5920EF12-7AA7-4CCF-AF1A-DF9335EB3166}.Debug|Any CPU.Build.0 = Debug|Any CPU
		{5920EF12-7AA7-4CCF-AF1A-DF9335EB3166}.Debug|x64.ActiveCfg = Debug|Any CPU
		{5920EF12-7AA7-4CCF-AF1A-DF9335EB3166}.Debug|x64.Build.0 = Debug|Any CPU
		{5920EF12-7AA7-4CCF-AF1A-DF9335EB3166}.Debug|x86.ActiveCfg = Debug|Any CPU
		{5920EF12-7AA7-4CCF-AF1A-DF9335EB3166}.Debug|x86.Build.0 = Debug|Any CPU
		{5920EF12-7AA7-4CCF-AF1A-DF9335EB3166}.Release|Any CPU.ActiveCfg = Release|Any CPU
		{5920EF12-7AA7-4CCF-AF1A-DF9335EB3166}.Release|Any CPU.Build.0 = Release|Any CPU
		{5920EF12-7AA7-4CCF-AF1A-DF9335EB3166}.Release|x64.ActiveCfg = Release|Any CPU
		{5920EF12-7AA7-4CCF-AF1A-DF9335EB3166}.Release|x64.Build.0 = Release|Any CPU
		{5920EF12-7AA7-4CCF-AF1A-DF9335EB3166}.Release|x86.ActiveCfg = Release|Any CPU
		{5920EF12-7AA7-4CCF-AF1A-DF9335EB3166}.Release|x86.Build.0 = Release|Any CPU
		{5611B453-4A9B-4B80-B15B-958E8186F242}.Debug|Any CPU.ActiveCfg = Debug|Any CPU
		{5611B453-4A9B-4B80-B15B-958E8186F242}.Debug|Any CPU.Build.0 = Debug|Any CPU
		{5611B453-4A9B-4B80-B15B-958E8186F242}.Debug|x64.ActiveCfg = Debug|Any CPU
		{5611B453-4A9B-4B80-B15B-958E8186F242}.Debug|x64.Build.0 = Debug|Any CPU
		{5611B453-4A9B-4B80-B15B-958E8186F242}.Debug|x86.ActiveCfg = Debug|Any CPU
		{5611B453-4A9B-4B80-B15B-958E8186F242}.Debug|x86.Build.0 = Debug|Any CPU
		{5611B453-4A9B-4B80-B15B-958E8186F242}.Release|Any CPU.ActiveCfg = Release|Any CPU
		{5611B453-4A9B-4B80-B15B-958E8186F242}.Release|Any CPU.Build.0 = Release|Any CPU
		{5611B453-4A9B-4B80-B15B-958E8186F242}.Release|x64.ActiveCfg = Release|Any CPU
		{5611B453-4A9B-4B80-B15B-958E8186F242}.Release|x64.Build.0 = Release|Any CPU
		{5611B453-4A9B-4B80-B15B-958E8186F242}.Release|x86.ActiveCfg = Release|Any CPU
		{5611B453-4A9B-4B80-B15B-958E8186F242}.Release|x86.Build.0 = Release|Any CPU
		{87D63830-C780-4768-87BB-B85FCAB3F793}.Debug|Any CPU.ActiveCfg = Debug|Any CPU
		{87D63830-C780-4768-87BB-B85FCAB3F793}.Debug|Any CPU.Build.0 = Debug|Any CPU
		{87D63830-C780-4768-87BB-B85FCAB3F793}.Debug|x64.ActiveCfg = Debug|Any CPU
		{87D63830-C780-4768-87BB-B85FCAB3F793}.Debug|x64.Build.0 = Debug|Any CPU
		{87D63830-C780-4768-87BB-B85FCAB3F793}.Debug|x86.ActiveCfg = Debug|Any CPU
		{87D63830-C780-4768-87BB-B85FCAB3F793}.Debug|x86.Build.0 = Debug|Any CPU
		{87D63830-C780-4768-87BB-B85FCAB3F793}.Release|Any CPU.ActiveCfg = Release|Any CPU
		{87D63830-C780-4768-87BB-B85FCAB3F793}.Release|Any CPU.Build.0 = Release|Any CPU
		{87D63830-C780-4768-87BB-B85FCAB3F793}.Release|x64.ActiveCfg = Release|Any CPU
		{87D63830-C780-4768-87BB-B85FCAB3F793}.Release|x64.Build.0 = Release|Any CPU
		{87D63830-C780-4768-87BB-B85FCAB3F793}.Release|x86.ActiveCfg = Release|Any CPU
		{87D63830-C780-4768-87BB-B85FCAB3F793}.Release|x86.Build.0 = Release|Any CPU
		{DCF09475-3180-4B6D-89E7-728EE2E22F49}.Debug|Any CPU.ActiveCfg = Debug|Any CPU
		{DCF09475-3180-4B6D-89E7-728EE2E22F49}.Debug|Any CPU.Build.0 = Debug|Any CPU
		{DCF09475-3180-4B6D-89E7-728EE2E22F49}.Debug|x64.ActiveCfg = Debug|Any CPU
		{DCF09475-3180-4B6D-89E7-728EE2E22F49}.Debug|x64.Build.0 = Debug|Any CPU
		{DCF09475-3180-4B6D-89E7-728EE2E22F49}.Debug|x86.ActiveCfg = Debug|Any CPU
		{DCF09475-3180-4B6D-89E7-728EE2E22F49}.Debug|x86.Build.0 = Debug|Any CPU
		{DCF09475-3180-4B6D-89E7-728EE2E22F49}.Release|Any CPU.ActiveCfg = Release|Any CPU
		{DCF09475-3180-4B6D-89E7-728EE2E22F49}.Release|Any CPU.Build.0 = Release|Any CPU
		{DCF09475-3180-4B6D-89E7-728EE2E22F49}.Release|x64.ActiveCfg = Release|Any CPU
		{DCF09475-3180-4B6D-89E7-728EE2E22F49}.Release|x64.Build.0 = Release|Any CPU
		{DCF09475-3180-4B6D-89E7-728EE2E22F49}.Release|x86.ActiveCfg = Release|Any CPU
		{DCF09475-3180-4B6D-89E7-728EE2E22F49}.Release|x86.Build.0 = Release|Any CPU
		{A8FCCF04-C0EE-4550-972D-DDAB8971291D}.Debug|Any CPU.ActiveCfg = Debug|Any CPU
		{A8FCCF04-C0EE-4550-972D-DDAB8971291D}.Debug|Any CPU.Build.0 = Debug|Any CPU
		{A8FCCF04-C0EE-4550-972D-DDAB8971291D}.Debug|x64.ActiveCfg = Debug|Any CPU
		{A8FCCF04-C0EE-4550-972D-DDAB8971291D}.Debug|x64.Build.0 = Debug|Any CPU
		{A8FCCF04-C0EE-4550-972D-DDAB8971291D}.Debug|x86.ActiveCfg = Debug|Any CPU
		{A8FCCF04-C0EE-4550-972D-DDAB8971291D}.Debug|x86.Build.0 = Debug|Any CPU
		{A8FCCF04-C0EE-4550-972D-DDAB8971291D}.Release|Any CPU.ActiveCfg = Release|Any CPU
		{A8FCCF04-C0EE-4550-972D-DDAB8971291D}.Release|Any CPU.Build.0 = Release|Any CPU
		{A8FCCF04-C0EE-4550-972D-DDAB8971291D}.Release|x64.ActiveCfg = Release|Any CPU
		{A8FCCF04-C0EE-4550-972D-DDAB8971291D}.Release|x64.Build.0 = Release|Any CPU
		{A8FCCF04-C0EE-4550-972D-DDAB8971291D}.Release|x86.ActiveCfg = Release|Any CPU
		{A8FCCF04-C0EE-4550-972D-DDAB8971291D}.Release|x86.Build.0 = Release|Any CPU
		{DBC618B1-E60D-42D3-A564-731839CA575A}.Debug|Any CPU.ActiveCfg = Debug|Any CPU
		{DBC618B1-E60D-42D3-A564-731839CA575A}.Debug|Any CPU.Build.0 = Debug|Any CPU
		{DBC618B1-E60D-42D3-A564-731839CA575A}.Debug|x64.ActiveCfg = Debug|Any CPU
		{DBC618B1-E60D-42D3-A564-731839CA575A}.Debug|x64.Build.0 = Debug|Any CPU
		{DBC618B1-E60D-42D3-A564-731839CA575A}.Debug|x86.ActiveCfg = Debug|Any CPU
		{DBC618B1-E60D-42D3-A564-731839CA575A}.Debug|x86.Build.0 = Debug|Any CPU
		{DBC618B1-E60D-42D3-A564-731839CA575A}.Release|Any CPU.ActiveCfg = Release|Any CPU
		{DBC618B1-E60D-42D3-A564-731839CA575A}.Release|Any CPU.Build.0 = Release|Any CPU
		{DBC618B1-E60D-42D3-A564-731839CA575A}.Release|x64.ActiveCfg = Release|Any CPU
		{DBC618B1-E60D-42D3-A564-731839CA575A}.Release|x64.Build.0 = Release|Any CPU
		{DBC618B1-E60D-42D3-A564-731839CA575A}.Release|x86.ActiveCfg = Release|Any CPU
		{DBC618B1-E60D-42D3-A564-731839CA575A}.Release|x86.Build.0 = Release|Any CPU
		{665769D7-843F-4D4A-962C-BAE3D0FC767E}.Debug|Any CPU.ActiveCfg = Debug|Any CPU
		{665769D7-843F-4D4A-962C-BAE3D0FC767E}.Debug|Any CPU.Build.0 = Debug|Any CPU
		{665769D7-843F-4D4A-962C-BAE3D0FC767E}.Debug|x64.ActiveCfg = Debug|Any CPU
		{665769D7-843F-4D4A-962C-BAE3D0FC767E}.Debug|x64.Build.0 = Debug|Any CPU
		{665769D7-843F-4D4A-962C-BAE3D0FC767E}.Debug|x86.ActiveCfg = Debug|Any CPU
		{665769D7-843F-4D4A-962C-BAE3D0FC767E}.Debug|x86.Build.0 = Debug|Any CPU
		{665769D7-843F-4D4A-962C-BAE3D0FC767E}.Release|Any CPU.ActiveCfg = Release|Any CPU
		{665769D7-843F-4D4A-962C-BAE3D0FC767E}.Release|Any CPU.Build.0 = Release|Any CPU
		{665769D7-843F-4D4A-962C-BAE3D0FC767E}.Release|x64.ActiveCfg = Release|Any CPU
		{665769D7-843F-4D4A-962C-BAE3D0FC767E}.Release|x64.Build.0 = Release|Any CPU
		{665769D7-843F-4D4A-962C-BAE3D0FC767E}.Release|x86.ActiveCfg = Release|Any CPU
		{665769D7-843F-4D4A-962C-BAE3D0FC767E}.Release|x86.Build.0 = Release|Any CPU
		{143ACDCD-79AF-4A42-B613-A1342F76B94D}.Debug|Any CPU.ActiveCfg = Debug|Any CPU
		{143ACDCD-79AF-4A42-B613-A1342F76B94D}.Debug|Any CPU.Build.0 = Debug|Any CPU
		{143ACDCD-79AF-4A42-B613-A1342F76B94D}.Debug|x64.ActiveCfg = Debug|Any CPU
		{143ACDCD-79AF-4A42-B613-A1342F76B94D}.Debug|x64.Build.0 = Debug|Any CPU
		{143ACDCD-79AF-4A42-B613-A1342F76B94D}.Debug|x86.ActiveCfg = Debug|Any CPU
		{143ACDCD-79AF-4A42-B613-A1342F76B94D}.Debug|x86.Build.0 = Debug|Any CPU
		{143ACDCD-79AF-4A42-B613-A1342F76B94D}.Release|Any CPU.ActiveCfg = Release|Any CPU
		{143ACDCD-79AF-4A42-B613-A1342F76B94D}.Release|Any CPU.Build.0 = Release|Any CPU
		{143ACDCD-79AF-4A42-B613-A1342F76B94D}.Release|x64.ActiveCfg = Release|Any CPU
		{143ACDCD-79AF-4A42-B613-A1342F76B94D}.Release|x64.Build.0 = Release|Any CPU
		{143ACDCD-79AF-4A42-B613-A1342F76B94D}.Release|x86.ActiveCfg = Release|Any CPU
		{143ACDCD-79AF-4A42-B613-A1342F76B94D}.Release|x86.Build.0 = Release|Any CPU
		{A58D7D6D-FC72-4D4A-A9CF-C9BA6A656222}.Debug|Any CPU.ActiveCfg = Debug|Any CPU
		{A58D7D6D-FC72-4D4A-A9CF-C9BA6A656222}.Debug|Any CPU.Build.0 = Debug|Any CPU
		{A58D7D6D-FC72-4D4A-A9CF-C9BA6A656222}.Debug|x64.ActiveCfg = Debug|Any CPU
		{A58D7D6D-FC72-4D4A-A9CF-C9BA6A656222}.Debug|x64.Build.0 = Debug|Any CPU
		{A58D7D6D-FC72-4D4A-A9CF-C9BA6A656222}.Debug|x86.ActiveCfg = Debug|Any CPU
		{A58D7D6D-FC72-4D4A-A9CF-C9BA6A656222}.Debug|x86.Build.0 = Debug|Any CPU
		{A58D7D6D-FC72-4D4A-A9CF-C9BA6A656222}.Release|Any CPU.ActiveCfg = Release|Any CPU
		{A58D7D6D-FC72-4D4A-A9CF-C9BA6A656222}.Release|Any CPU.Build.0 = Release|Any CPU
		{A58D7D6D-FC72-4D4A-A9CF-C9BA6A656222}.Release|x64.ActiveCfg = Release|Any CPU
		{A58D7D6D-FC72-4D4A-A9CF-C9BA6A656222}.Release|x64.Build.0 = Release|Any CPU
		{A58D7D6D-FC72-4D4A-A9CF-C9BA6A656222}.Release|x86.ActiveCfg = Release|Any CPU
		{A58D7D6D-FC72-4D4A-A9CF-C9BA6A656222}.Release|x86.Build.0 = Release|Any CPU
	EndGlobalSection
	GlobalSection(SolutionProperties) = preSolution
		HideSolutionNode = FALSE
	EndGlobalSection
	GlobalSection(NestedProjects) = preSolution
		{14D4EBD3-4A55-4462-B33B-F6683339B5BE} = {827E0CD3-B72D-47B6-A68D-7590B98EB39B}
		{2E6F9377-E8B7-4294-B7B8-87221A04B3D6} = {827E0CD3-B72D-47B6-A68D-7590B98EB39B}
		{93D047C8-6B27-432C-9985-D7127DD3B675} = {827E0CD3-B72D-47B6-A68D-7590B98EB39B}
		{F589DB03-6A73-4BF9-882F-3594B1148893} = {827E0CD3-B72D-47B6-A68D-7590B98EB39B}
		{825C1ECC-093E-40C4-AED4-8FA9130F4528} = {0AB3BF05-4346-4AA6-1389-037BE0695223}
		{1AB10101-B0F1-440F-9A0F-7F16F8426D49} = {0AB3BF05-4346-4AA6-1389-037BE0695223}
		{5920EF12-7AA7-4CCF-AF1A-DF9335EB3166} = {0AB3BF05-4346-4AA6-1389-037BE0695223}
		{5611B453-4A9B-4B80-B15B-958E8186F242} = {0AB3BF05-4346-4AA6-1389-037BE0695223}
		{87D63830-C780-4768-87BB-B85FCAB3F793} = {0AB3BF05-4346-4AA6-1389-037BE0695223}
		{DCF09475-3180-4B6D-89E7-728EE2E22F49} = {07C2787E-EAC7-C090-1BA3-A61EC2A24D84}
		{A8FCCF04-C0EE-4550-972D-DDAB8971291D} = {07C2787E-EAC7-C090-1BA3-A61EC2A24D84}
		{DBC618B1-E60D-42D3-A564-731839CA575A} = {07C2787E-EAC7-C090-1BA3-A61EC2A24D84}
		{665769D7-843F-4D4A-962C-BAE3D0FC767E} = {0AB3BF05-4346-4AA6-1389-037BE0695223}
		{143ACDCD-79AF-4A42-B613-A1342F76B94D} = {07C2787E-EAC7-C090-1BA3-A61EC2A24D84}
		{A58D7D6D-FC72-4D4A-A9CF-C9BA6A656222} = {0AB3BF05-4346-4AA6-1389-037BE0695223}
	EndGlobalSection
EndGlobal
